
Microsoft Visual Studio Solution File, Format Version 10.00
# Visual Studio 2008
Project("{FAE04EC0-301F-11D3-BF4B-00C04F79EFBC}") = "InventoryCount.SmartDevice", "InventoryCount.SmartDevice\InventoryCount.SmartDevice.csproj", "{EFE23C4F-BFE7-4418-96A7-EFD837895257}"
EndProject
Project("{B900F1C2-3D47-4FEC-85B3-04AAF18C3634}") = "SetupInventoryCount", "SetupInventoryCount\SetupInventoryCount.vddproj", "{8EE2C8D1-2B87-4BE8-8A10-CA7A88BFE669}"
EndProject
Global
	GlobalSection(SolutionConfigurationPlatforms) = preSolution
		Debug|Any CPU = Debug|Any CPU
		Release|Any CPU = Release|Any CPU
	EndGlobalSection
	GlobalSection(ProjectConfigurationPlatforms) = postSolution
		{EFE23C4F-BFE7-4418-96A7-EFD837895257}.Debug|Any CPU.ActiveCfg = Debug|Any CPU
		{EFE23C4F-BFE7-4418-96A7-EFD837895257}.Debug|Any CPU.Build.0 = Debug|Any CPU
		{EFE23C4F-BFE7-4418-96A7-EFD837895257}.Debug|Any CPU.Deploy.0 = Debug|Any CPU
		{EFE23C4F-BFE7-4418-96A7-EFD837895257}.Release|Any CPU.ActiveCfg = Release|Any CPU
		{EFE23C4F-BFE7-4418-96A7-EFD837895257}.Release|Any CPU.Build.0 = Release|Any CPU
		{EFE23C4F-BFE7-4418-96A7-EFD837895257}.Release|Any CPU.Deploy.0 = Release|Any CPU
		{8EE2C8D1-2B87-4BE8-8A10-CA7A88BFE669}.Debug|Any CPU.ActiveCfg = Debug
		{8EE2C8D1-2B87-4BE8-8A10-CA7A88BFE669}.Release|Any CPU.ActiveCfg = Release
	EndGlobalSection
	GlobalSection(SolutionProperties) = preSolution
		HideSolutionNode = FALSE
	EndGlobalSection
EndGlobal
